
Microsoft Visual Studio Solution File, Format Version 12.00
# Visual Studio Version 16
VisualStudioVersion = 16.0.29911.84
MinimumVisualStudioVersion = 10.0.40219.1
Project("{FAE04EC0-301F-11D3-BF4B-00C04F79EFBC}") = "ADOSample", "ADOSample\ADOSample.csproj", "{C90D9483-CD31-41BC-BFC5-1AF849F8BF57}"
EndProject
Global
	GlobalSection(SolutionConfigurationPlatforms) = preSolution
		Debug|Any CPU = Debug|Any CPU
		Release|Any CPU = Release|Any CPU
	EndGlobalSection
	GlobalSection(ProjectConfigurationPlatforms) = postSolution
		{C90D9483-CD31-41BC-BFC5-1AF849F8BF57}.Debug|Any CPU.ActiveCfg = Debug|Any CPU
		{C90D9483-CD31-41BC-BFC5-1AF849F8BF57}.Debug|Any CPU.Build.0 = Debug|Any CPU
		{C90D9483-CD31-41BC-BFC5-1AF849F8BF57}.Release|Any CPU.ActiveCfg = Release|Any CPU
		{C90D9483-CD31-41BC-BFC5-1AF849F8BF57}.Release|Any CPU.Build.0 = Release|Any CPU
	EndGlobalSection
	GlobalSection(SolutionProperties) = preSolution
		HideSolutionNode = FALSE
	EndGlobalSection
	GlobalSection(ExtensibilityGlobals) = postSolution
		SolutionGuid = {63E35BD2-F124-4DDF-B169-1C498F2DC191}
	EndGlobalSection
EndGlobal
